
Microsoft Visual Studio Solution File, Format Version 12.00
# Visual Studio 15
VisualStudioVersion = 15.0.28010.2036
MinimumVisualStudioVersion = 10.0.40219.1
Project("{9A19103F-16F7-4668-BE54-9A1E7A4F7556}") = "ObjectsCollections", "ObjectsCollections\ObjectsCollections.csproj", "{89085A50-F456-45DA-A043-893A958341D0}"
EndProject
Project("{FAE04EC0-301F-11D3-BF4B-00C04F79EFBC}") = "TestsFacts", "TestsFacts\TestsFacts.csproj", "{9B2DBE6E-5D95-4AD6-B5B6-9C8C749F182B}"
EndProject
Global
	GlobalSection(SolutionConfigurationPlatforms) = preSolution
		Debug|Any CPU = Debug|Any CPU
		Release|Any CPU = Release|Any CPU
	EndGlobalSection
	GlobalSection(ProjectConfigurationPlatforms) = postSolution
		{89085A50-F456-45DA-A043-893A958341D0}.Debug|Any CPU.ActiveCfg = Debug|Any CPU
		{89085A50-F456-45DA-A043-893A958341D0}.Debug|Any CPU.Build.0 = Debug|Any CPU
		{89085A50-F456-45DA-A043-893A958341D0}.Release|Any CPU.ActiveCfg = Release|Any CPU
		{89085A50-F456-45DA-A043-893A958341D0}.Release|Any CPU.Build.0 = Release|Any CPU
		{9B2DBE6E-5D95-4AD6-B5B6-9C8C749F182B}.Debug|Any CPU.ActiveCfg = Debug|Any CPU
		{9B2DBE6E-5D95-4AD6-B5B6-9C8C749F182B}.Debug|Any CPU.Build.0 = Debug|Any CPU
		{9B2DBE6E-5D95-4AD6-B5B6-9C8C749F182B}.Release|Any CPU.ActiveCfg = Release|Any CPU
		{9B2DBE6E-5D95-4AD6-B5B6-9C8C749F182B}.Release|Any CPU.Build.0 = Release|Any CPU
	EndGlobalSection
	GlobalSection(SolutionProperties) = preSolution
		HideSolutionNode = FALSE
	EndGlobalSection
	GlobalSection(ExtensibilityGlobals) = postSolution
		SolutionGuid = {883A0A97-2B0F-4042-8FBF-F8AC60156445}
	EndGlobalSection
EndGlobal
